
Microsoft Visual Studio Solution File, Format Version 12.00
Project("{FAE04EC0-301F-11D3-BF4B-00C04F79EFBC}") = "RT.Math", "RT.Math\RT.Math.csproj", "{DEE3B70E-32E8-41FA-A266-A0BD905BA145}"
EndProject
Project("{FAE04EC0-301F-11D3-BF4B-00C04F79EFBC}") = "RT.Primitives", "RT.Primitives\RT.Primitives.csproj", "{DE8E58B8-4475-4DB2-96FE-6D40839BE899}"
EndProject
Project("{FAE04EC0-301F-11D3-BF4B-00C04F79EFBC}") = "RT.Render", "RT.Render\RT.Render.csproj", "{D7985313-30CF-4487-9D7B-B9174AEECE25}"
EndProject
Project("{FAE04EC0-301F-11D3-BF4B-00C04F79EFBC}") = "RT.Primitives.Test", "RT.Primitives.Test\RT.Primitives.Test.csproj", "{1A4D30A0-A446-401E-87A6-B806423D55B3}"
EndProject
Project("{FAE04EC0-301F-11D3-BF4B-00C04F79EFBC}") = "RT.Main", "RT.Main\RT.Main.csproj", "{8261E07F-9205-4B8B-A3D3-7B6EED069D6D}"
EndProject
Project("{FAE04EC0-301F-11D3-BF4B-00C04F79EFBC}") = "RT.Render.Test", "RT.Render.Test\RT.Render.Test.csproj", "{D454340D-FFDB-4AB3-828E-8639A1224651}"
EndProject
Project("{FAE04EC0-301F-11D3-BF4B-00C04F79EFBC}") = "RT.Math.Test", "RT.Math.Test\RT.Math.Test.csproj", "{76B0075F-0A21-4FFF-8559-EFAD075C2BB2}"
EndProject
Project("{FAE04EC0-301F-11D3-BF4B-00C04F79EFBC}") = "RT.RenderInput", "RT.RenderInput\RT.RenderInput.csproj", "{C13453E6-2451-4C39-8B2E-8230A15E04AA}"
EndProject
Project("{FAE04EC0-301F-11D3-BF4B-00C04F79EFBC}") = "RT.RenderOutput", "RT.RenderOutput\RT.RenderOutput.csproj", "{B597CD89-6EFF-4999-9310-9F08AFA4DD2A}"
EndProject
Project("{FAE04EC0-301F-11D3-BF4B-00C04F79EFBC}") = "RT.WorldTransform", "RT.WorldTransform\RT.WorldTransform.csproj", "{F07F0BC1-BED4-4C37-9205-541DF24F3F34}"
EndProject
Project("{FAE04EC0-301F-11D3-BF4B-00C04F79EFBC}") = "RT.Material", "RT.Material\RT.Material.csproj", "{9C24BDEF-31A0-4CB4-9EA8-9AA40010DD44}"
EndProject
Project("{FAE04EC0-301F-11D3-BF4B-00C04F79EFBC}") = "RT.Light", "RT.Light\RT.Light.csproj", "{4E2893ED-1AF7-48AB-863D-D8D6E2E516D7}"
EndProject
Project("{FAE04EC0-301F-11D3-BF4B-00C04F79EFBC}") = "RT.Texture", "RT.Texture\RT.Texture.csproj", "{9A2B04E6-EF78-4BF4-BD0B-F9F01A90F21E}"
EndProject
Global
	GlobalSection(SolutionConfigurationPlatforms) = preSolution
		Debug|Any CPU = Debug|Any CPU
		Release|Any CPU = Release|Any CPU
	EndGlobalSection
	GlobalSection(ProjectConfigurationPlatforms) = postSolution
		{DEE3B70E-32E8-41FA-A266-A0BD905BA145}.Debug|Any CPU.ActiveCfg = Debug|Any CPU
		{DEE3B70E-32E8-41FA-A266-A0BD905BA145}.Debug|Any CPU.Build.0 = Debug|Any CPU
		{DEE3B70E-32E8-41FA-A266-A0BD905BA145}.Release|Any CPU.ActiveCfg = Release|Any CPU
		{DEE3B70E-32E8-41FA-A266-A0BD905BA145}.Release|Any CPU.Build.0 = Release|Any CPU
		{DE8E58B8-4475-4DB2-96FE-6D40839BE899}.Debug|Any CPU.ActiveCfg = Debug|Any CPU
		{DE8E58B8-4475-4DB2-96FE-6D40839BE899}.Debug|Any CPU.Build.0 = Debug|Any CPU
		{DE8E58B8-4475-4DB2-96FE-6D40839BE899}.Release|Any CPU.ActiveCfg = Release|Any CPU
		{DE8E58B8-4475-4DB2-96FE-6D40839BE899}.Release|Any CPU.Build.0 = Release|Any CPU
		{D7985313-30CF-4487-9D7B-B9174AEECE25}.Debug|Any CPU.ActiveCfg = Debug|Any CPU
		{D7985313-30CF-4487-9D7B-B9174AEECE25}.Debug|Any CPU.Build.0 = Debug|Any CPU
		{D7985313-30CF-4487-9D7B-B9174AEECE25}.Release|Any CPU.ActiveCfg = Release|Any CPU
		{D7985313-30CF-4487-9D7B-B9174AEECE25}.Release|Any CPU.Build.0 = Release|Any CPU
		{1A4D30A0-A446-401E-87A6-B806423D55B3}.Debug|Any CPU.ActiveCfg = Debug|Any CPU
		{1A4D30A0-A446-401E-87A6-B806423D55B3}.Debug|Any CPU.Build.0 = Debug|Any CPU
		{1A4D30A0-A446-401E-87A6-B806423D55B3}.Release|Any CPU.ActiveCfg = Release|Any CPU
		{1A4D30A0-A446-401E-87A6-B806423D55B3}.Release|Any CPU.Build.0 = Release|Any CPU
		{8261E07F-9205-4B8B-A3D3-7B6EED069D6D}.Debug|Any CPU.ActiveCfg = Debug|Any CPU
		{8261E07F-9205-4B8B-A3D3-7B6EED069D6D}.Debug|Any CPU.Build.0 = Debug|Any CPU
		{8261E07F-9205-4B8B-A3D3-7B6EED069D6D}.Release|Any CPU.ActiveCfg = Release|Any CPU
		{8261E07F-9205-4B8B-A3D3-7B6EED069D6D}.Release|Any CPU.Build.0 = Release|Any CPU
		{D454340D-FFDB-4AB3-828E-8639A1224651}.Debug|Any CPU.ActiveCfg = Debug|Any CPU
		{D454340D-FFDB-4AB3-828E-8639A1224651}.Debug|Any CPU.Build.0 = Debug|Any CPU
		{D454340D-FFDB-4AB3-828E-8639A1224651}.Release|Any CPU.ActiveCfg = Release|Any CPU
		{D454340D-FFDB-4AB3-828E-8639A1224651}.Release|Any CPU.Build.0 = Release|Any CPU
		{76B0075F-0A21-4FFF-8559-EFAD075C2BB2}.Debug|Any CPU.ActiveCfg = Debug|Any CPU
		{76B0075F-0A21-4FFF-8559-EFAD075C2BB2}.Debug|Any CPU.Build.0 = Debug|Any CPU
		{76B0075F-0A21-4FFF-8559-EFAD075C2BB2}.Release|Any CPU.ActiveCfg = Release|Any CPU
		{76B0075F-0A21-4FFF-8559-EFAD075C2BB2}.Release|Any CPU.Build.0 = Release|Any CPU
		{C13453E6-2451-4C39-8B2E-8230A15E04AA}.Debug|Any CPU.ActiveCfg = Debug|Any CPU
		{C13453E6-2451-4C39-8B2E-8230A15E04AA}.Debug|Any CPU.Build.0 = Debug|Any CPU
		{C13453E6-2451-4C39-8B2E-8230A15E04AA}.Release|Any CPU.ActiveCfg = Release|Any CPU
		{C13453E6-2451-4C39-8B2E-8230A15E04AA}.Release|Any CPU.Build.0 = Release|Any CPU
		{B597CD89-6EFF-4999-9310-9F08AFA4DD2A}.Debug|Any CPU.ActiveCfg = Debug|Any CPU
		{B597CD89-6EFF-4999-9310-9F08AFA4DD2A}.Debug|Any CPU.Build.0 = Debug|Any CPU
		{B597CD89-6EFF-4999-9310-9F08AFA4DD2A}.Release|Any CPU.ActiveCfg = Release|Any CPU
		{B597CD89-6EFF-4999-9310-9F08AFA4DD2A}.Release|Any CPU.Build.0 = Release|Any CPU
		{F07F0BC1-BED4-4C37-9205-541DF24F3F34}.Debug|Any CPU.ActiveCfg = Debug|Any CPU
		{F07F0BC1-BED4-4C37-9205-541DF24F3F34}.Debug|Any CPU.Build.0 = Debug|Any CPU
		{F07F0BC1-BED4-4C37-9205-541DF24F3F34}.Release|Any CPU.ActiveCfg = Release|Any CPU
		{F07F0BC1-BED4-4C37-9205-541DF24F3F34}.Release|Any CPU.Build.0 = Release|Any CPU
		{9C24BDEF-31A0-4CB4-9EA8-9AA40010DD44}.Debug|Any CPU.ActiveCfg = Debug|Any CPU
		{9C24BDEF-31A0-4CB4-9EA8-9AA40010DD44}.Debug|Any CPU.Build.0 = Debug|Any CPU
		{9C24BDEF-31A0-4CB4-9EA8-9AA40010DD44}.Release|Any CPU.ActiveCfg = Release|Any CPU
		{9C24BDEF-31A0-4CB4-9EA8-9AA40010DD44}.Release|Any CPU.Build.0 = Release|Any CPU
		{4E2893ED-1AF7-48AB-863D-D8D6E2E516D7}.Debug|Any CPU.ActiveCfg = Debug|Any CPU
		{4E2893ED-1AF7-48AB-863D-D8D6E2E516D7}.Debug|Any CPU.Build.0 = Debug|Any CPU
		{4E2893ED-1AF7-48AB-863D-D8D6E2E516D7}.Release|Any CPU.ActiveCfg = Release|Any CPU
		{4E2893ED-1AF7-48AB-863D-D8D6E2E516D7}.Release|Any CPU.Build.0 = Release|Any CPU
		{9A2B04E6-EF78-4BF4-BD0B-F9F01A90F21E}.Debug|Any CPU.ActiveCfg = Debug|Any CPU
		{9A2B04E6-EF78-4BF4-BD0B-F9F01A90F21E}.Debug|Any CPU.Build.0 = Debug|Any CPU
		{9A2B04E6-EF78-4BF4-BD0B-F9F01A90F21E}.Release|Any CPU.ActiveCfg = Release|Any CPU
		{9A2B04E6-EF78-4BF4-BD0B-F9F01A90F21E}.Release|Any CPU.Build.0 = Release|Any CPU
	EndGlobalSection
EndGlobal
